
Microsoft Visual Studio Solution File, Format Version 12.00
# Visual Studio Version 16
VisualStudioVersion = 16.0.29201.188
MinimumVisualStudioVersion = 10.0.40219.1
Project("{FAE04EC0-301F-11D3-BF4B-00C04F79EFBC}") = "MyWebServer", "MyWebServer\MyWebServer.csproj", "{D8EE22B2-8680-473F-8375-0EACBC4C2662}"
EndProject
Global
	GlobalSection(SolutionConfigurationPlatforms) = preSolution
		Debug|Any CPU = Debug|Any CPU
		Release|Any CPU = Release|Any CPU
	EndGlobalSection
	GlobalSection(ProjectConfigurationPlatforms) = postSolution
		{D8EE22B2-8680-473F-8375-0EACBC4C2662}.Debug|Any CPU.ActiveCfg = Debug|Any CPU
		{D8EE22B2-8680-473F-8375-0EACBC4C2662}.Debug|Any CPU.Build.0 = Debug|Any CPU
		{D8EE22B2-8680-473F-8375-0EACBC4C2662}.Release|Any CPU.ActiveCfg = Release|Any CPU
		{D8EE22B2-8680-473F-8375-0EACBC4C2662}.Release|Any CPU.Build.0 = Release|Any CPU
	EndGlobalSection
	GlobalSection(SolutionProperties) = preSolution
		HideSolutionNode = FALSE
	EndGlobalSection
	GlobalSection(ExtensibilityGlobals) = postSolution
		SolutionGuid = {6F0132E5-CE4D-4E15-AB80-437B5EC33D33}
	EndGlobalSection
EndGlobal
